
Microsoft Visual Studio Solution File, Format Version 12.00
# Visual Studio Version 17
VisualStudioVersion = 17.14.36212.18 d17.14
MinimumVisualStudioVersion = 10.0.40219.1
Project("{FAE04EC0-301F-11D3-BF4B-00C04F79EFBC}") = "AAUP_LabMaster", "AAUP_LabMaster\AAUP_LabMaster.csproj", "{F1099621-48D2-43A0-98ED-021B10D0A8DA}"
EndProject
Global
	GlobalSection(SolutionConfigurationPlatforms) = preSolution
		Debug|Any CPU = Debug|Any CPU
		Release|Any CPU = Release|Any CPU
	EndGlobalSection
	GlobalSection(ProjectConfigurationPlatforms) = postSolution
		{F1099621-48D2-43A0-98ED-021B10D0A8DA}.Debug|Any CPU.ActiveCfg = Debug|Any CPU
		{F1099621-48D2-43A0-98ED-021B10D0A8DA}.Debug|Any CPU.Build.0 = Debug|Any CPU
		{F1099621-48D2-43A0-98ED-021B10D0A8DA}.Release|Any CPU.ActiveCfg = Release|Any CPU
		{F1099621-48D2-43A0-98ED-021B10D0A8DA}.Release|Any CPU.Build.0 = Release|Any CPU
	EndGlobalSection
	GlobalSection(SolutionProperties) = preSolution
		HideSolutionNode = FALSE
	EndGlobalSection
	GlobalSection(ExtensibilityGlobals) = postSolution
		SolutionGuid = {FAA00D40-049C-47DA-AE18-86DA4795A74E}
	EndGlobalSection
EndGlobal
